# This file is autogenerated, do not edit; changes may be undone by the next 'dep ensure'.


[[projects]]
  branch = "master"
  name = "github.com/fatih/camelcase"
  packages = ["."]
  revision = "44e46d280b43ec1531bb25252440e34f1b800b65"

[[projects]]
  name = "github.com/jlevesy/envconfig"
  packages = [".","setter"]
  revision = "d2326d7f441f84c1f4871122501724214f173485"
  version = "v0.1.0"

[[projects]]
  branch = "master"
  name = "github.com/lib/pq"
  packages = [".","oid"]
  revision = "83612a56d3dd153a94a629cd64925371c9adad78"

[solve-meta]
  analyzer-name = "dep"
  analyzer-version = 1
  inputs-digest = "b6076f980e51435c31ba7d80640145e67bd8272f980ba1a9b125e8396e81924f"
  solver-name = "gps-cdcl"
  solver-version = 1
