# This file is autogenerated, do not edit; changes may be undone by the next 'dep ensure'.


[[projects]]
  name = "github.com/fatih/camelcase"
  packages = ["."]
  revision = "44e46d280b43ec1531bb25252440e34f1b800b65"
  version = "v1.0.0"

[[projects]]
  name = "github.com/jlevesy/envconfig"
  packages = [
    ".",
    "setter"
  ]
  revision = "d2326d7f441f84c1f4871122501724214f173485"
  version = "v0.1.0"

[[projects]]
  branch = "master"
  name = "github.com/jlevesy/readstack"
  packages = [
    "handler/errors",
    "handler/item/create",
    "handler/item/index",
    "handler/validation",
    "model",
    "repository",
    "test/stub/repository"
  ]
  revision = "e7d9d1994cfe7b717260f707c1a28ba4c78cf848"

[[projects]]
  branch = "master"
  name = "github.com/lib/pq"
  packages = [
    ".",
    "oid"
  ]
  revision = "90697d60dd844d5ef6ff15135d0203f65d2f53b8"

[[projects]]
  name = "github.com/mattn/go-sqlite3"
  packages = ["."]
  revision = "25ecb14adfc7543176f7d85291ec7dba82c6f7e4"
  version = "v1.9.0"

[[projects]]
  branch = "master"
  name = "github.com/rubenv/sql-migrate"
  packages = [
    ".",
    "sqlparse"
  ]
  revision = "3f452fc0ebebbb784fdab91f7bc79a31dcacab5c"

[[projects]]
  name = "gopkg.in/gorp.v1"
  packages = ["."]
  revision = "c87af80f3cc5036b55b83d77171e156791085e2e"
  version = "v1.7.1"

[solve-meta]
  analyzer-name = "dep"
  analyzer-version = 1
  inputs-digest = "cfb1157ce0be688c7344e6f6a934635dfdda366ff520d9d34ae63a79632549a5"
  solver-name = "gps-cdcl"
  solver-version = 1
